
Microsoft Visual Studio Solution File, Format Version 12.00
Project("{FAE04EC0-301F-11D3-BF4B-00C04F79EFBC}") = "CQRSDeepDive", "CQRSDeepDive\CQRSDeepDive.csproj", "{1B72E547-31AD-4C72-84AE-1D80456458A9}"
EndProject
Project("{FAE04EC0-301F-11D3-BF4B-00C04F79EFBC}") = "CQRSDeepDive.ReadStack", "CQRSDeepDive.ReadStack\CQRSDeepDive.ReadStack.csproj", "{3D49F638-90C0-4776-AD88-8145FF07E843}"
EndProject
Project("{FAE04EC0-301F-11D3-BF4B-00C04F79EFBC}") = "CQRSDeepDive.WriteStack", "CQRSDeepDive.WriteStack\CQRSDeepDive.WriteStack.csproj", "{253426A7-2AFD-430A-803C-16489CB804CE}"
EndProject
Project("{FAE04EC0-301F-11D3-BF4B-00C04F79EFBC}") = "CQRSDeepDive.Domain", "CQRSDeepDive.Domain\CQRSDeepDive.Domain.csproj", "{1F55199F-0E27-4B86-AA88-D0B04B79FB4F}"
EndProject
Project("{FAE04EC0-301F-11D3-BF4B-00C04F79EFBC}") = "CQRSDeepDive.Framework", "CQRSDeepDive.Framework\CQRSDeepDive.Framework.csproj", "{F87905CF-78AF-48E5-8F75-6673D0F7E324}"
EndProject
Project("{FAE04EC0-301F-11D3-BF4B-00C04F79EFBC}") = "CQRSDeepDive.Products", "CQRSDeepDive.Products\CQRSDeepDive.Products.csproj", "{1B0391F4-4093-4B02-B3B4-BF89FA10542A}"
EndProject
Global
	GlobalSection(SolutionConfigurationPlatforms) = preSolution
		Debug|Any CPU = Debug|Any CPU
		Release|Any CPU = Release|Any CPU
	EndGlobalSection
	GlobalSection(ProjectConfigurationPlatforms) = postSolution
		{1B72E547-31AD-4C72-84AE-1D80456458A9}.Debug|Any CPU.ActiveCfg = Debug|Any CPU
		{1B72E547-31AD-4C72-84AE-1D80456458A9}.Debug|Any CPU.Build.0 = Debug|Any CPU
		{1B72E547-31AD-4C72-84AE-1D80456458A9}.Release|Any CPU.ActiveCfg = Release|Any CPU
		{1B72E547-31AD-4C72-84AE-1D80456458A9}.Release|Any CPU.Build.0 = Release|Any CPU
		{3D49F638-90C0-4776-AD88-8145FF07E843}.Debug|Any CPU.ActiveCfg = Debug|Any CPU
		{3D49F638-90C0-4776-AD88-8145FF07E843}.Debug|Any CPU.Build.0 = Debug|Any CPU
		{3D49F638-90C0-4776-AD88-8145FF07E843}.Release|Any CPU.ActiveCfg = Release|Any CPU
		{3D49F638-90C0-4776-AD88-8145FF07E843}.Release|Any CPU.Build.0 = Release|Any CPU
		{253426A7-2AFD-430A-803C-16489CB804CE}.Debug|Any CPU.ActiveCfg = Debug|Any CPU
		{253426A7-2AFD-430A-803C-16489CB804CE}.Debug|Any CPU.Build.0 = Debug|Any CPU
		{253426A7-2AFD-430A-803C-16489CB804CE}.Release|Any CPU.ActiveCfg = Release|Any CPU
		{253426A7-2AFD-430A-803C-16489CB804CE}.Release|Any CPU.Build.0 = Release|Any CPU
		{1F55199F-0E27-4B86-AA88-D0B04B79FB4F}.Debug|Any CPU.ActiveCfg = Debug|Any CPU
		{1F55199F-0E27-4B86-AA88-D0B04B79FB4F}.Debug|Any CPU.Build.0 = Debug|Any CPU
		{1F55199F-0E27-4B86-AA88-D0B04B79FB4F}.Release|Any CPU.ActiveCfg = Release|Any CPU
		{1F55199F-0E27-4B86-AA88-D0B04B79FB4F}.Release|Any CPU.Build.0 = Release|Any CPU
		{F87905CF-78AF-48E5-8F75-6673D0F7E324}.Debug|Any CPU.ActiveCfg = Debug|Any CPU
		{F87905CF-78AF-48E5-8F75-6673D0F7E324}.Debug|Any CPU.Build.0 = Debug|Any CPU
		{F87905CF-78AF-48E5-8F75-6673D0F7E324}.Release|Any CPU.ActiveCfg = Release|Any CPU
		{F87905CF-78AF-48E5-8F75-6673D0F7E324}.Release|Any CPU.Build.0 = Release|Any CPU
		{1B0391F4-4093-4B02-B3B4-BF89FA10542A}.Debug|Any CPU.ActiveCfg = Debug|Any CPU
		{1B0391F4-4093-4B02-B3B4-BF89FA10542A}.Debug|Any CPU.Build.0 = Debug|Any CPU
		{1B0391F4-4093-4B02-B3B4-BF89FA10542A}.Release|Any CPU.ActiveCfg = Release|Any CPU
		{1B0391F4-4093-4B02-B3B4-BF89FA10542A}.Release|Any CPU.Build.0 = Release|Any CPU
	EndGlobalSection
EndGlobal
